{
  "name": "ps-tunnel-server",
  "version": "1.0.0",
  "lockfileVersion": 3,
  "requires": true,
  "packages": {
    "": {
      "name": "ps-tunnel-server",
      "version": "1.0.0",
      "license": "UNLICENSED",
      "dependencies": {
        "ssh2": "1.17.0"
      },
      "engines": {
        "node": ">=18"
      }
    },
    "node_modules/asn1": {
      "version": "0.2.6",
      "resolved": "https://ms-feed-2.pkgs.visualstudio.com/1es-public/_packaging/npm-public/npm/registry/asn1/-/asn1-0.2.6.tgz",
      "integrity": "sha1-DTp7tuZOAqkMAwOzHykoaOoJoI0=",
      "license": "MIT",
      "dependencies": {
        "safer-buffer": "~2.1.0"
      }
    },
    "node_modules/bcrypt-pbkdf": {
      "version": "1.0.2",
      "resolved": "https://ms-feed-12.pkgs.visualstudio.com/1es-public/_packaging/npm-public/npm/registry/bcrypt-pbkdf/-/bcrypt-pbkdf-1.0.2.tgz",
      "integrity": "sha1-pDAdOJtqQ/m2f/PKEaP2Y342Dp4=",
      "license": "BSD-3-Clause",
      "dependencies": {
        "tweetnacl": "^0.14.3"
      }
    },
    "node_modules/buildcheck": {
      "version": "0.0.7",
      "resolved": "https://ms-feed-17.pkgs.visualstudio.com/1es-public/_packaging/npm-public/npm/registry/buildcheck/-/buildcheck-0.0.7.tgz",
      "integrity": "sha1-B6XnbBDq2Ppn2eTFh7aPSejynWE=",
      "optional": true,
      "engines": {
        "node": ">=10.0.0"
      }
    },
    "node_modules/nan": {
      "version": "2.28.0",
      "resolved": "https://ms-feed-25.pkgs.visualstudio.com/1es-public/_packaging/npm-public/npm/registry/nan/-/nan-2.28.0.tgz",
      "integrity": "sha1-EmcX/TWdWgPT7ffETmzptwf7V/U=",
      "license": "MIT",
      "optional": true
    },
    "node_modules/safer-buffer": {
      "version": "2.1.2",
      "resolved": "https://ms-feed-2.pkgs.visualstudio.com/1es-public/_packaging/npm-public/npm/registry/safer-buffer/-/safer-buffer-2.1.2.tgz",
      "integrity": "sha1-RPoWGwGHuVSd2Eu5GAL5vYOFzWo=",
      "license": "MIT"
    },
    "node_modules/ssh2": {
      "version": "1.17.0",
      "resolved": "https://ms-feed-12.pkgs.visualstudio.com/1es-public/_packaging/npm-public/npm/registry/ssh2/-/ssh2-1.17.0.tgz",
      "integrity": "sha1-3Ghujjq9vUrZXUb6E5YVkDwSJYw=",
      "hasInstallScript": true,
      "dependencies": {
        "asn1": "^0.2.6",
        "bcrypt-pbkdf": "^1.0.2"
      },
      "engines": {
        "node": ">=10.16.0"
      },
      "optionalDependencies": {
        "cpu-features": "~0.0.10",
        "nan": "^2.23.0"
      }
    },
    "node_modules/ssh2/node_modules/cpu-features": {
      "version": "0.0.10",
      "resolved": "https://ms-feed-12.pkgs.visualstudio.com/1es-public/_packaging/npm-public/npm/registry/cpu-features/-/cpu-features-0.0.10.tgz",
      "integrity": "sha1-mq5TbbJxDHJU1+1nyzy8fSmtecU=",
      "hasInstallScript": true,
      "optional": true,
      "dependencies": {
        "buildcheck": "~0.0.6",
        "nan": "^2.19.0"
      },
      "engines": {
        "node": ">=10.0.0"
      }
    },
    "node_modules/tweetnacl": {
      "version": "0.14.5",
      "resolved": "https://ms-feed-2.pkgs.visualstudio.com/1es-public/_packaging/npm-public/npm/registry/tweetnacl/-/tweetnacl-0.14.5.tgz",
      "integrity": "sha1-WuaBd/GS1EViadEIr6k/+HQ/T2Q=",
      "license": "Unlicense"
    }
  }
}
